13707
/Users/andrewunderwood/.asdf/installs/java/corretto-25.0.1.8.1/bin/java -XX:TieredStopAtLevel=1 -Dfile.encoding=UTF-8 -Duser.country=US -Duser.language=en -Duser.variant -cp /Users/andrewunderwood/checkouts/nextskip/build/classes/java/main:/Users/andrewunderwood/checkouts/nextskip/build/resources/main:/Users/andrewunderwood/.gradle/caches/modules-2/files-2.1/com.vaadin/vaadin-dev/25.0.0/7f95880715bdd1501e1032118e9181bf3dc444d7/vaadin-dev-25.0.0.jar:/Users/andrewunderwood/.gradle/caches/modules-2/files-2.1/com.vaadin/vaadin-spring-boot-starter/25.0.0/4fbdd8d4170dfcb2621347d9f93b78f86434cf4c/vaadin-spring-boot-starter-25.0.0.jar:/Users/andrewunderwood/.gradle/caches/modules-2/files-2.1/com.vaadin/hilla-spring-boot-starter/25.0.0/82aeac580b2751cb8625cf1c0b4f64c02f185e11/hilla-spring-boot-starter-25.0.0.jar:/Users/andrewunderwood/.gradle/caches/modules-2/files-2.1/com.github.ben-manes.caffeine/caffeine/3.2.3/c097f0f6d21a0e6db88ea55836e26419b30dfe19/caffeine-3.2.3.jar:/Users/andrewunderwood/.gradle/caches/modules-2/files-2.1/io.github.resilience4j/resilience4j-spring-boot3/2.3.0/81c5c03cd43c99c588d82dcef3b20e6861addc99/resilience4j-spring-boot3-2.3.0.jar:/Users/andrewunderwood/.gradle/caches/modules-2/files-2.1/io.github.resilience4j/resilience4j-spring6/2.3.0/2ed6c1cc76fd03c97c768ff4f2a525a3ef7819bf/resilience4j-spring6-2.3.0.jar:/Users/andrewunderwood/.gradle/caches/modules-2/files-2.1/io.github.resilience4j/resilience4j-framework-common/2.3.0/deeea5a5d8ea1d4fa56c2d8bdad33ae5eba5211a/resilience4j-framework-common-2.3.0.jar:/Users/andrewunderwood/.gradle/caches/modules-2/files-2.1/io.github.resilience4j/resilience4j-micrometer/2.3.0/79fbfe7fc77683bc0ecba5bfeb73709d5e0759ad/resilience4j-micrometer-2.3.0.jar:/Users/andrewunderwood/.gradle/caches/modules-2/files-2.1/io.github.resilience4j/resilience4j-circuitbreaker/2.3.0/995e75097efdd303cf4b2403841fe27a32d9e939/resilience4j-circuitbreaker-2.3.0.jar:/Users/andrewunderwood/.gradle/caches/modules-2/files-2.1/io.github.resilience4j/resilience4j-retry/2.3.0/1953682ce8b7e69ff5a02d3772ef9c932f2bab3e/resilience4j-retry-2.3.0.jar:/Users/andrewunderwood/.gradle/caches/modules-2/files-2.1/com.vaadin/hilla/25.0.0/aefe83f539f67f3fe693a0d86c1e90e7d6356a50/hilla-25.0.0.jar:/Users/andrewunderwood/.gradle/caches/modules-2/files-2.1/com.vaadin/hilla-engine-runtime/25.0.0/618c38d08271c6eb7dfc63cc6938f5292363611e/hilla-engine-runtime-25.0.0.jar:/Users/andrewunderwood/.gradle/caches/modules-2/files-2.1/com.vaadin/hilla-endpoint/25.0.0/c4acc86823097a2b90856f3d4f3f415a754d0af6/hilla-endpoint-25.0.0.jar:/Users/andrewunderwood/.gradle/caches/modules-2/files-2.1/com.vaadin/hilla-engine-core/25.0.0/fa83a835ab88947d673122c65713a4d72736605a/hilla-engine-core-25.0.0.jar:/Users/andrewunderwood/.gradle/caches/modules-2/files-2.1/com.vaadin/hilla-typescript-generator/25.0.0/50d0ed05ff035c8c201ab2728f6d4dea0bab3d00/hilla-typescript-generator-25.0.0.jar:/Users/andrewunderwood/.gradle/caches/modules-2/files-2.1/com.fasterxml.jackson.datatype/jackson-datatype-jsr310/2.20.1/7ad06a455afc4a38412d5dab127191bdc3d90faf/jackson-datatype-jsr310-2.20.1.jar:/Users/andrewunderwood/.gradle/caches/modules-2/files-2.1/com.fasterxml.jackson.datatype/jackson-datatype-jdk8/2.20.1/6a8bbc260ba834f67220117d9f08510d69c4a3f0/jackson-datatype-jdk8-2.20.1.jar:/Users/andrewunderwood/.gradle/caches/modules-2/files-2.1/io.swagger.core.v3/swagger-core-jakarta/2.2.38/ee2b75c78486029dcd61eebb6068c9d0b1126341/swagger-core-jakarta-2.2.38.jar:/Users/andrewunderwood/.gradle/caches/modules-2/files-2.1/com.fasterxml.jackson.dataformat/jackson-dataformat-yaml/2.20.1/e6da043059c9ec631a3429ded461d5d92f240c3f/jackson-dataformat-yaml-2.20.1.jar:/Users/andrewunderwood/.gradle/caches/modules-2/files-2.1/com.fasterxml.jackson.core/jackson-databind/2.20.1/9586a7fe0e1775de0e54237fa6a2c8455c93ac06/jackson-databind-2.20.1.jar:/Users/andrewunderwood/.gradle/caches/modules-2/files-2.1/com.fasterxml.jackson.core/jackson-core/2.20.1/5734323adfece72111769b0ae38a6cf803e3d178/jackson-core-2.20.1.jar:/Users/andrewunderwood/.gradle/caches/modules-2/files-2.1/com.fasterxml.jackson.dataformat/jackson-dataformat-xml/2.20.1/3a8e1f06f8bdfd9f2c29f1b2bdad970b02dff4c9/jackson-dataformat-xml-2.20.1.jar:/Users/andrewunderwood/.gradle/caches/modules-2/files-2.1/org.mnode.ical4j/ical4j/4.2.2/417418279c3e75a62a76fb55540738623ee63042/ical4j-4.2.2.jar:/Users/andrewunderwood/.gradle/caches/modules-2/files-2.1/com.vaadin/vaadin-dev-server/25.0.0/6f7c50443e76ccead52b9e214c14392af4765a44/vaadin-dev-server-25.0.0.jar:/Users/andrewunderwood/.gradle/caches/modules-2/files-2.1/com.vaadin/vaadin-spring/25.0.0/4af95a143aa23df8fcccfba622bf440ae0c9573f/vaadin-spring-25.0.0.jar:/Users/andrewunderwood/.gradle/caches/modules-2/files-2.1/com.vaadin/vaadin-core/25.0.0/e5afdc3bd22397bc8e21553bc062d51675199b5e/vaadin-core-25.0.0.jar:/Users/andrewunderwood/.gradle/caches/modules-2/files-2.1/com.vaadin/vaadin-core-internal/25.0.0/4b2f153e4c1019f2335fa990b84c37aa29782a65/vaadin-core-internal-25.0.0.jar:/Users/andrewunderwood/.gradle/caches/modules-2/files-2.1/com.vaadin/flow-lit-template/25.0.0/ba2a4e0b874a7d371669391a91496a1f9c8b6f0e/flow-lit-template-25.0.0.jar:/Users/andrewunderwood/.gradle/caches/modules-2/files-2.1/com.vaadin/flow-react/25.0.0/4317212eb2bb928614aa4cad915bae51715da033/flow-react-25.0.0.jar:/Users/andrewunderwood/.gradle/caches/modules-2/files-2.1/com.vaadin/vaadin-core-components/25.0.0/1e9810495c189a4d218da1438446410ba0fcfe9d/vaadin-core-components-25.0.0.jar:/Users/andrewunderwood/.gradle/caches/modules-2/files-2.1/com.vaadin/vaadin-grid-flow/25.0.0/871a5cdf8393f6a7d8175add35717c054380c7a6/vaadin-grid-flow-25.0.0.jar:/Users/andrewunderwood/.gradle/caches/modules-2/files-2.1/com.vaadin/vaadin-menu-bar-flow/25.0.0/dfdc7636880de72c712ab87cd302985cc79c9f5b/vaadin-menu-bar-flow-25.0.0.jar:/Users/andrewunderwood/.gradle/caches/modules-2/files-2.1/com.vaadin/vaadin-context-menu-flow/25.0.0/215ef0dd423c2d854ff78d305af6913344b64b31/vaadin-context-menu-flow-25.0.0.jar:/Users/andrewunderwood/.gradle/caches/modules-2/files-2.1/com.vaadin/flow-html-components/25.0.0/ebab6236a0520c90618c747000227bf5e323158e/flow-html-components-25.0.0.jar:/Users/andrewunderwood/.gradle/caches/modules-2/files-2.1/com.vaadin/vaadin-lumo-theme/25.0.0/74cb8670f0871c78682e023323aba764b1671034/vaadin-lumo-theme-25.0.0.jar:/Users/andrewunderwood/.gradle/caches/modules-2/files-2.1/com.vaadin/vaadin-icons-flow/25.0.0/f3e73d44a4c78afd0776af31bfa4463fc012f1f8/vaadin-icons-flow-25.0.0.jar:/Users/andrewunderwood/.gradle/caches/modules-2/files-2.1/com.vaadin/vaadin-avatar-flow/25.0.0/f46ff4acc0fa743317632e4f617e6e784f35ed/vaadin-avatar-flow-25.0.0.jar:/Users/andrewunderwood/.gradle/caches/modules-2/files-2.1/com.vaadin/vaadin-upload-flow/25.0.0/e0c6b4ff92c67f6aea71494ebc8d929c384e1398/vaadin-upload-flow-25.0.0.jar:/Users/andrewunderwood/.gradle/caches/modules-2/files-2.1/com.vaadin/vaadin-app-layout-flow/25.0.0/61ef6e9ed8293a9b2fbd3c41d4441569845a95ac/vaadin-app-layout-flow-25.0.0.jar:/Users/andrewunderwood/.gradle/caches/modules-2/files-2.1/com.vaadin/vaadin-button-flow/25.0.0/2ff63a4acadd98a3fd6aef4c5e00b3b35ddebbf4/vaadin-button-flow-25.0.0.jar:/Users/andrewunderwood/.gradle/caches/modules-2/files-2.1/com.vaadin/vaadin-card-flow/25.0.0/bf14f64ba7c60a3d8af07d4ab375c3eded749e1e/vaadin-card-flow-25.0.0.jar:/Users/andrewunderwood/.gradle/caches/modules-2/files-2.1/com.vaadin/vaadin-checkbox-flow/25.0.0/2208d69001d91257257a2c53dd2ff62428144814/vaadin-checkbox-flow-25.0.0.jar:/Users/andrewunderwood/.gradle/caches/modules-2/files-2.1/com.vaadin/vaadin-combo-box-flow/25.0.0/56b36a6e1b9d1aa3bf51008fcdd9f59da4420f0/vaadin-combo-box-flow-25.0.0.jar:/Users/andrewunderwood/.gradle/caches/modules-2/files-2.1/com.vaadin/vaadin-confirm-dialog-flow/25.0.0/8405f3b859b43d2d0fb95bab0a149f9fa6ec6d35/vaadin-confirm-dialog-flow-25.0.0.jar:/Users/andrewunderwood/.gradle/caches/modules-2/files-2.1/com.vaadin/vaadin-custom-field-flow/25.0.0/892d6771743c60a883acf5f08b1948254127476b/vaadin-custom-field-flow-25.0.0.jar:/Users/andrewunderwood/.gradle/caches/modules-2/files-2.1/com.vaadin/vaadin-date-time-picker-flow/25.0.0/6840812c2dda190922ad336ea7e33eb1c6fc9501/vaadin-date-time-picker-flow-25.0.0.jar:/Users/andrewunderwood/.gradle/caches/modules-2/files-2.1/com.vaadin/vaadin-date-picker-flow/25.0.0/b4e86e497b0704dacb589be7fd16b430d5dec89/vaadin-date-picker-flow-25.0.0.jar:/Users/andrewunderwood/.gradle/caches/modules-2/files-2.1/com.vaadin/vaadin-accordion-flow/25.0.0/d3aa5f5baab15590bba89c312dcc23b0319719fa/vaadin-accordion-flow-25.0.0.jar:/Users/andrewunderwood/.gradle/caches/modules-2/files-2.1/com.vaadin/vaadin-details-flow/25.0.0/4548fb7c14bf320f1f24730e4e4d945a387c2ff0/vaadin-details-flow-25.0.0.jar:/Users/andrewunderwood/.gradle/caches/modules-2/files-2.1/com.vaadin/vaadin-time-picker-flow/25.0.0/f57d3f2c0aec27f685e5d40c0787f8c1e642bcbc/vaadin-time-picker-flow-25.0.0.jar:/Users/andrewunderwood/.gradle/caches/modules-2/files-2.1/com.vaadin/vaadin-select-flow/25.0.0/d2cef0eb45b815b215755b141d04ab88a6a4d257/vaadin-select-flow-25.0.0.jar:/Users/andrewunderwood/.gradle/caches/modules-2/files-2.1/com.vaadin/vaadin-side-nav-flow/25.0.0/cf920360ff9b259237c577a79b90b0c6250acf2a/vaadin-side-nav-flow-25.0.0.jar:/Users/andrewunderwood/.gradle/caches/modules-2/files-2.1/com.vaadin/vaadin-dialog-flow/25.0.0/173deabd9dd6fd4c25dd669981ea7f3bdabb45db/vaadin-dialog-flow-25.0.0.jar:/Users/andrewunderwood/.gradle/caches/modules-2/files-2.1/com.vaadin/vaadin-form-layout-flow/25.0.0/87af1d81bd6a6ecdcf2e99b46f9787a63e738779/vaadin-form-layout-flow-25.0.0.jar:/Users/andrewunderwood/.gradle/caches/modules-2/files-2.1/com.vaadin/vaadin-virtual-list-flow/25.0.0/4c06f84243998dbc097a224763fc907f40e50b55/vaadin-virtual-list-flow-25.0.0.jar:/Users/andrewunderwood/.gradle/caches/modules-2/files-2.1/com.vaadin/vaadin-list-box-flow/25.0.0/53c44c5e8c5a75a0cb52c36006c5cd7f002a96ff/vaadin-list-box-flow-25.0.0.jar:/Users/andrewunderwood/.gradle/caches/modules-2/files-2.1/com.vaadin/vaadin-login-flow/25.0.0/93cf81d087822548f06a5cb830144284844bd12/vaadin-login-flow-25.0.0.jar:/Users/andrewunderwood/.gradle/caches/modules-2/files-2.1/com.vaadin/vaadin-markdown-flow/25.0.0/861496ca5c72cac04d27e998941a75d705b9e653/vaadin-markdown-flow-25.0.0.jar:/Users/andrewunderwood/.gradle/caches/modules-2/files-2.1/com.vaadin/vaadin-master-detail-layout-flow/25.0.0/93dfb6fcbfdea202e8b3464ce9004dde4e679694/vaadin-master-detail-layout-flow-25.0.0.jar:/Users/andrewunderwood/.gradle/caches/modules-2/files-2.1/com.vaadin/vaadin-messages-flow/25.0.0/bdb9b29265c46cd76f65fddece41013fdb8388b5/vaadin-messages-flow-25.0.0.jar:/Users/andrewunderwood/.gradle/caches/modules-2/files-2.1/com.vaadin/vaadin-ordered-layout-flow/25.0.0/d3e365afefb30917f0dbbe37c8eae499771f33bf/vaadin-ordered-layout-flow-25.0.0.jar:/Users/andrewunderwood/.gradle/caches/modules-2/files-2.1/com.vaadin/vaadin-progress-bar-flow/25.0.0/43fb81d86272b34560fb624f8779f2447060f0ea/vaadin-progress-bar-flow-25.0.0.jar:/Users/andrewunderwood/.gradle/caches/modules-2/files-2.1/com.vaadin/vaadin-popover-flow/25.0.0/cc37c1ec9e3336191c4d4d64d1dbb85cac842e2b/vaadin-popover-flow-25.0.0.jar:/Users/andrewunderwood/.gradle/caches/modules-2/files-2.1/com.vaadin/vaadin-radio-button-flow/25.0.0/58ecafec0f3c63c5b272856746407f2dc7a761d0/vaadin-radio-button-flow-25.0.0.jar:/Users/andrewunderwood/.gradle/caches/modules-2/files-2.1/com.vaadin/vaadin-split-layout-flow/25.0.0/d8402f0e071ab8b4302a5fec46e018400fc0fe00/vaadin-split-layout-flow-25.0.0.jar:/Users/andrewunderwood/.gradle/caches/modules-2/files-2.1/com.vaadin/vaadin-tabs-flow/25.0.0/e8d4caad1688be53e07580c150356ae8d83a351c/vaadin-tabs-flow-25.0.0.jar:/Users/andrewunderwood/.gradle/caches/modules-2/files-2.1/com.vaadin/vaadin-text-field-flow/25.0.0/98ad5ca44700b3d9a3615a487c63e57bce35dfba/vaadin-text-field-flow-25.0.0.jar:/Users/andrewunderwood/.gradle/caches/modules-2/files-2.1/com.vaadin/vaadin-notification-flow/25.0.0/5fc7791d433cab0b942102df6b6b4b994cc12630/vaadin-notification-flow-25.0.0.jar:/Users/andrewunderwood/.gradle/caches/modules-2/files-2.1/com.vaadin/vaadin-flow-components-base/25.0.0/a952ffb846063af183550adc802b583d15b7b781/vaadin-flow-components-base-25.0.0.jar:/Users/andrewunderwood/.gradle/caches/modules-2/files-2.1/com.vaadin/flow-data/25.0.0/a285f889b1e32eeae549d5fbfa37ff22b899aab4/flow-data-25.0.0.jar:/Users/andrewunderwood/.gradle/caches/modules-2/files-2.1/com.vaadin/flow-dnd/25.0.0/657171ad2f499c865810889fce6413f96978d412/flow-dnd-25.0.0.jar:/Users/andrewunderwood/.gradle/caches/modules-2/files-2.1/com.vaadin/flow-server/25.0.0/9cdbec631c16a7d29d4ac08eaed31f21a1df6a3f/flow-server-25.0.0.jar:/Users/andrewunderwood/.gradle/caches/modules-2/files-2.1/org.jsoup/jsoup/1.21.2/55ba93337201b6f1208a6691f291ca2828860150/jsoup-1.21.2.jar:/Users/andrewunderwood/.gradle/caches/modules-2/files-2.1/io.micrometer/micrometer-registry-prometheus/1.16.0/45be9f51b2e5272b9113d713ab199aaba9f07e9e/micrometer-registry-prometheus-1.16.0.jar:/Users/andrewunderwood/.gradle/caches/modules-2/files-2.1/com.vaadin/vaadin-dev-bundle/25.0.0/b27445cf3ea14783cdb810efd2363053c677542c/vaadin-dev-bundle-25.0.0.jar:/Users/andrewunderwood/.gradle/caches/modules-2/files-2.1/com.vaadin/copilot/25.0.0/82f98e8606d3cec09999f68153c1ff32d94b6804/copilot-25.0.0.jar:/Users/andrewunderwood/.gradle/caches/modules-2/files-2.1/org.springframework.boot/spring-boot-webmvc/4.0.0/35fdec70f3a33fb7574c866cb02f1a5caab0b2b5/spring-boot-webmvc-4.0.0.jar:/Users/andrewunderwood/.gradle/caches/modules-2/files-2.1/org.springframework.boot/spring-boot-http-converter/4.0.0/1fde20003c5fa88ac3feecbfa315b0ab3cc53b0c/spring-boot-http-converter-4.0.0.jar:/Users/andrewunderwood/.gradle/caches/modules-2/files-2.1/org.springframework.boot/spring-boot-cache/4.0.0/9831c0117deb32dbd3c99020d76189086f06fe6b/spring-boot-cache-4.0.0.jar:/Users/andrewunderwood/.gradle/caches/modules-2/files-2.1/org.springframework.boot/spring-boot-actuator-autoconfigure/4.0.0/2df143bb1a1b5c8bfa988a6a26be9de7d4d62fc4/spring-boot-actuator-autoconfigure-4.0.0.jar:/Users/andrewunderwood/.gradle/caches/modules-2/files-2.1/org.springframework.boot/spring-boot-health/4.0.0/8ed32ac16e8860bdbe977eeb7b1d1c614e649d36/spring-boot-health-4.0.0.jar:/Users/andrewunderwood/.gradle/caches/modules-2/files-2.1/io.micrometer/micrometer-jakarta9/1.16.0/d46ef1d372d55c1d9e056c61feb8f57d3af2ba9f/micrometer-jakarta9-1.16.0.jar:/Users/andrewunderwood/.gradle/caches/modules-2/files-2.1/org.springframework.boot/spring-boot-micrometer-metrics/4.0.0/4a739634e9bc111ee27a802e88ab457cb22e0d85/spring-boot-micrometer-metrics-4.0.0.jar:/Users/andrewunderwood/.gradle/caches/modules-2/files-2.1/io.micrometer/micrometer-core/1.16.0/2846c42e04631091143cdac3de0d8d55a9f84205/micrometer-core-1.16.0.jar:/Users/andrewunderwood/.gradle/caches/modules-2/files-2.1/org.springframework/spring-webmvc/7.0.1/3ac2691f50b9c98e22e23c65522e54fa1e3042b3/spring-webmvc-7.0.1.jar:/Users/andrewunderwood/.gradle/caches/modules-2/files-2.1/org.springframework/spring-websocket/7.0.1/29fe3880c8fa86d18aeea21967ae41a4451df626/spring-websocket-7.0.1.jar:/Users/andrewunderwood/.gradle/caches/modules-2/files-2.1/org.springframework.boot/spring-boot-servlet/4.0.0/c7b38fa78af0c018827bd389d207f5bb38e4e019/spring-boot-servlet-4.0.0.jar:/Users/andrewunderwood/.gradle/caches/modules-2/files-2.1/org.springframework.boot/spring-boot-reactor-netty/4.0.0/10baf3e523e1701c98559410dc2457ddcac2a12/spring-boot-reactor-netty-4.0.0.jar:/Users/andrewunderwood/.gradle/caches/modules-2/files-2.1/org.springframework.boot/spring-boot-webflux/4.0.0/e18552c0af7eea485f745260727053f015f98e7f/spring-boot-webflux-4.0.0.jar:/Users/andrewunderwood/.gradle/caches/modules-2/files-2.1/org.springframework.boot/spring-boot-tomcat/4.0.0/6934f17a5f57aa367df84c42b0a54653ba30cb3b/spring-boot-tomcat-4.0.0.jar:/Users/andrewunderwood/.gradle/caches/modules-2/files-2.1/org.springframework.boot/spring-boot-web-server/4.0.0/2289b961ed87261801524f9486aac77d1c1dc985/spring-boot-web-server-4.0.0.jar:/Users/andrewunderwood/.gradle/caches/modules-2/files-2.1/org.springframework.boot/spring-boot-http-codec/4.0.0/ae5f312b5bd6e8a7efa49ac16eff80a752445d74/spring-boot-http-codec-4.0.0.jar:/Users/andrewunderwood/.gradle/caches/modules-2/files-2.1/org.springframework/spring-webflux/7.0.1/3f9c015b56e85905e2474c4bce52cf44844203f9/spring-webflux-7.0.1.jar:/Users/andrewunderwood/.gradle/caches/modules-2/files-2.1/org.springframework/spring-web/7.0.1/5b43495ea93d89fe8ba2ce4affbd75f98f5d2226/spring-web-7.0.1.jar:/Users/andrewunderwood/.gradle/caches/modules-2/files-2.1/org.springframework.boot/spring-boot-validation/4.0.0/4f1f7c0523a7bdf7a914bb6a640f3dd4695e7d09/spring-boot-validation-4.0.0.jar:/Users/andrewunderwood/.gradle/caches/modules-2/files-2.1/org.springframework.boot/spring-boot-jackson/4.0.0/ce6c55e2dc62422bf57ce38692b6a8adcd31aa13/spring-boot-jackson-4.0.0.jar:/Users/andrewunderwood/.gradle/caches/modules-2/files-2.1/org.springframework.boot/spring-boot-autoconfigure/4.0.0/5348987fff66867326396839a066e0c2e52ee989/spring-boot-autoconfigure-4.0.0.jar:/Users/andrewunderwood/.gradle/caches/modules-2/files-2.1/org.springframework.boot/spring-boot-actuator/4.0.0/39aba08c0897b0203bb40284d47f5b75b0838456/spring-boot-actuator-4.0.0.jar:/Users/andrewunderwood/.gradle/caches/modules-2/files-2.1/org.springframework.boot/spring-boot-reactor/4.0.0/61056a96d6410830f5852bd54d3c1d740937adff/spring-boot-reactor-4.0.0.jar:/Users/andrewunderwood/.gradle/caches/modules-2/files-2.1/org.springframework.boot/spring-boot-micrometer-observation/4.0.0/9d104646562d6c28e781323c724284525dac44f2/spring-boot-micrometer-observation-4.0.0.jar:/Users/andrewunderwood/.gradle/caches/modules-2/files-2.1/org.springframework.boot/spring-boot-netty/4.0.0/6b72f00dd006fb84b34f3663bd7f6c29e234c8e8/spring-boot-netty-4.0.0.jar:/Users/andrewunderwood/.gradle/caches/modules-2/files-2.1/org.springframework.boot/spring-boot/4.0.0/92d3fdafcd16e3ffb8fb48a51cff98b5dd6c0432/spring-boot-4.0.0.jar:/Users/andrewunderwood/.gradle/caches/modules-2/files-2.1/org.springframework/spring-context-support/7.0.1/15d788ed39cf3620d1fb311e733ca4e324b97110/spring-context-support-7.0.1.jar:/Users/andrewunderwood/.gradle/caches/modules-2/files-2.1/org.springframework.security/spring-security-core/7.0.0/6ee0ad74730198aa83c4e58524b65265be32fa83/spring-security-core-7.0.0.jar:/Users/andrewunderwood/.gradle/caches/modules-2/files-2.1/org.springframework/spring-context/7.0.1/c75dc812b47a9d6b23568448fbb4518af795bc9e/spring-context-7.0.1.jar:/Users/andrewunderwood/.gradle/caches/modules-2/files-2.1/io.micrometer/micrometer-observation/1.16.0/3dc3a2bec5121417b638191b1f3aed16c9764667/micrometer-observation-1.16.0.jar:/Users/andrewunderwood/.gradle/caches/modules-2/files-2.1/io.micrometer/micrometer-commons/1.16.0/d45ae92945c59eecf485433923fa6a5cf9ce0dbe/micrometer-commons-1.16.0.jar:/Users/andrewunderwood/.gradle/caches/modules-2/files-2.1/org.springframework/spring-aop/7.0.1/20cd632e7fc2fb98f292e9bda0418e725caa0070/spring-aop-7.0.1.jar:/Users/andrewunderwood/.gradle/caches/modules-2/files-2.1/com.vaadin/hilla-runtime-plugin-transfertypes/25.0.0/53861361af3d4dd179907b68bab15024eadf207d/hilla-runtime-plugin-transfertypes-25.0.0.jar:/Users/andrewunderwood/.gradle/caches/modules-2/files-2.1/org.springframework.data/spring-data-commons/4.0.0/1ae31f5ec98c9593dfd6a3a0eae7ec564d0d1ee1/spring-data-commons-4.0.0.jar:/Users/andrewunderwood/.gradle/caches/modules-2/files-2.1/org.springframework/spring-beans/7.0.1/4ac0dd2d2b27f636385a77a3b40c8597aef8ec06/spring-beans-7.0.1.jar:/Users/andrewunderwood/.gradle/caches/modules-2/files-2.1/org.springframework/spring-expression/7.0.1/e094d34f17777125adcb01ed5778075aa876c8e6/spring-expression-7.0.1.jar:/Users/andrewunderwood/.gradle/caches/modules-2/files-2.1/org.springframework/spring-core/7.0.1/a885a444df1d0777989ec11df84eb3e8e7eee2cd/spring-core-7.0.1.jar:/Users/andrewunderwood/.gradle/caches/modules-2/files-2.1/io.projectreactor.netty/reactor-netty-http/1.3.0/7741a8da179c6b28f4a11265a7ceb369dd3f15f/reactor-netty-http-1.3.0.jar:/Users/andrewunderwood/.gradle/caches/modules-2/files-2.1/io.projectreactor.netty/reactor-netty-core/1.3.0/e61bc1afa13461df8ab176a1df553dac62d91a72/reactor-netty-core-1.3.0.jar:/Users/andrewunderwood/.gradle/caches/modules-2/files-2.1/io.projectreactor/reactor-core/3.8.0/21d51d40dda28f8cc3ab9a22fb35dd6146e4323b/reactor-core-3.8.0.jar:/Users/andrewunderwood/.gradle/caches/modules-2/files-2.1/com.github.javaparser/javaparser-symbol-solver-core/3.27.1/8cbc20ac55fba1e49c1e22772023d7af4fa83acb/javaparser-symbol-solver-core-3.27.1.jar:/Users/andrewunderwood/.gradle/caches/modules-2/files-2.1/com.google.guava/guava/33.5.0-jre/8699de25f2f979108d6c1b804a7ba38cda1116bc/guava-33.5.0-jre.jar:/Users/andrewunderwood/.gradle/caches/modules-2/files-2.1/org.jspecify/jspecify/1.0.0/7425a601c1c7ec76645a78d22b8c6a627edee507/jspecify-1.0.0.jar:/Users/andrewunderwood/.gradle/caches/modules-2/files-2.1/com.google.errorprone/error_prone_annotations/2.43.0/a4f9062316c31850b03085e45717f564fd563ceb/error_prone_annotations-2.43.0.jar:/Users/andrewunderwood/.gradle/caches/modules-2/files-2.1/io.github.resilience4j/resilience4j-bulkhead/2.3.0/3e3cc6330e2c6088316f06e58f6d0b2c7fdc5b5b/resilience4j-bulkhead-2.3.0.jar:/Users/andrewunderwood/.gradle/caches/modules-2/files-2.1/io.github.resilience4j/resilience4j-ratelimiter/2.3.0/6c303d40dd6320c009e780b427942871107d8c26/resilience4j-ratelimiter-2.3.0.jar:/Users/andrewunderwood/.gradle/caches/modules-2/files-2.1/io.github.resilience4j/resilience4j-timelimiter/2.3.0/2de3016bd43ed1149ff1c035f1de11c9bbbec7fc/resilience4j-timelimiter-2.3.0.jar:/Users/andrewunderwood/.gradle/caches/modules-2/files-2.1/io.github.resilience4j/resilience4j-consumer/2.3.0/5649b6e0db11eb78e4a07ba08575d23301c1993a/resilience4j-consumer-2.3.0.jar:/Users/andrewunderwood/.gradle/caches/modules-2/files-2.1/io.github.resilience4j/resilience4j-core/2.3.0/4df5e76f2e2b15db6971d5102ffa9b494e38cfe/resilience4j-core-2.3.0.jar:/Users/andrewunderwood/.gradle/caches/modules-2/files-2.1/com.vaadin/license-checker/3.0.0/7d2758760d3d9dffb717a3cdc4361f128e46a05f/license-checker-3.0.0.jar:/Users/andrewunderwood/.gradle/caches/modules-2/files-2.1/io.methvin/directory-watcher/0.19.1/d39852b5064c3722d9585cde898dd7fba92f316a/directory-watcher-0.19.1.jar:/Users/andrewunderwood/.gradle/caches/modules-2/files-2.1/io.github.resilience4j/resilience4j-annotations/2.3.0/c0dc3cfe04b88e65ee2dfb261a94ce2fbce70c65/resilience4j-annotations-2.3.0.jar:/Users/andrewunderwood/.gradle/caches/modules-2/files-2.1/com.vaadin/signals/25.0.0/565b29665cba296e745fa886936ae0bdd26873dd/signals-25.0.0.jar:/Users/andrewunderwood/.gradle/caches/modules-2/files-2.1/com.vaadin/flow-push/25.0.0/274a65dc970d76c1f25094e8a2232d057fbcb934/flow-push-25.0.0.jar:/Users/andrewunderwood/.gradle/caches/modules-2/files-2.1/com.vaadin.external.atmosphere/atmosphere-runtime/3.0.5.slf4jvaadin1/a2e969eff4832a42b07f740325962f7743e14d40/atmosphere-runtime-3.0.5.slf4jvaadin1.jar:/Users/andrewunderwood/.gradle/caches/modules-2/files-2.1/ch.qos.logback/logback-classic/1.5.21/904915aa29a0bbff111ae90ed85541b2991a72fc/logback-classic-1.5.21.jar:/Users/andrewunderwood/.gradle/caches/modules-2/files-2.1/org.apache.logging.log4j/log4j-to-slf4j/2.25.2/3843798847a7623c1724a9522002233e14fcb0ff/log4j-to-slf4j-2.25.2.jar:/Users/andrewunderwood/.gradle/caches/modules-2/files-2.1/org.slf4j/jul-to-slf4j/2.0.17/524cb6ccc2b68a57604750e1ab8b13b5a786a6aa/jul-to-slf4j-2.0.17.jar:/Users/andrewunderwood/.gradle/caches/modules-2/files-2.1/io.github.resilience4j/resilience4j-circularbuffer/2.3.0/e6aa46ad14a40599fc5a4806e8132f5fe3aa649a/resilience4j-circularbuffer-2.3.0.jar:/Users/andrewunderwood/.gradle/caches/modules-2/files-2.1/org.slf4j/slf4j-api/2.0.17/d9e58ac9c7779ba3bf8142aff6c830617a7fe60f/slf4j-api-2.0.17.jar:/Users/andrewunderwood/.gradle/caches/modules-2/files-2.1/tools.jackson.dataformat/jackson-dataformat-yaml/3.0.3/e90b1fc68b51a8a2eba7c768f3578fec20c0f67f/jackson-dataformat-yaml-3.0.3.jar:/Users/andrewunderwood/.gradle/caches/modules-2/files-2.1/tools.jackson.core/jackson-core/3.0.3/d208ec73d6a17667a0462cfc3237076a087bc936/jackson-core-3.0.3.jar:/Users/andrewunderwood/.gradle/caches/modules-2/files-2.1/tools.jackson.core/jackson-databind/3.0.3/c024f05711e311341d4338cbb7905696e20921f8/jackson-databind-3.0.3.jar:/Users/andrewunderwood/.gradle/caches/modules-2/files-2.1/io.swagger.core.v3/swagger-models-jakarta/2.2.38/685cef01d2a02f67879cfab8b3ceccc8fe6ee1b1/swagger-models-jakarta-2.2.38.jar:/Users/andrewunderwood/.gradle/caches/modules-2/files-2.1/com.fasterxml.jackson.core/jackson-annotations/2.20/6a5e7291ea3f2b590a7ce400adb7b3aea4d7e12c/jackson-annotations-2.20.jar:/Users/andrewunderwood/.gradle/caches/modules-2/files-2.1/com.fasterxml.woodstox/woodstox-core/7.1.1/76baad1b94513ea896e0a17388890a4c81edd0e0/woodstox-core-7.1.1.jar:/Users/andrewunderwood/.gradle/caches/modules-2/files-2.1/org.codehaus.woodstox/stax2-api/4.2.2/b0d746cadea928e5264f2ea294ea9a1bf815bbde/stax2-api-4.2.2.jar:/Users/andrewunderwood/.gradle/caches/modules-2/files-2.1/com.vaadin/flow-build-tools/25.0.0/b06795d56a3feab071df3f5f8400ace99b327c7e/flow-build-tools-25.0.0.jar:/Users/andrewunderwood/.gradle/caches/modules-2/files-2.1/org.apache.commons/commons-compress/1.28.0/e482f2c7a88dac3c497e96aa420b6a769f59c8d7/commons-compress-1.28.0.jar:/Users/andrewunderwood/.gradle/caches/modules-2/files-2.1/commons-codec/commons-codec/1.19.0/8c0dbe3ae883fceda9b50a6c76e745e548073388/commons-codec-1.19.0.jar:/Users/andrewunderwood/.gradle/caches/modules-2/files-2.1/org.apache.commons/commons-lang3/3.20.0/65897b3e5731220962e659e001904af3c3cbeba9/commons-lang3-3.20.0.jar:/Users/andrewunderwood/.gradle/caches/modules-2/files-2.1/org.threeten/threeten-extra/1.8.0/d3b1ac7e361b642132e529f562622aac7dfea752/threeten-extra-1.8.0.jar:/Users/andrewunderwood/.gradle/caches/modules-2/files-2.1/io.prometheus/prometheus-metrics-core/1.4.3/1f00dc12e0bef05dff593a9abd7a4d626b675b0b/prometheus-metrics-core-1.4.3.jar:/Users/andrewunderwood/.gradle/caches/modules-2/files-2.1/io.prometheus/prometheus-metrics-tracer-common/1.4.3/67af5fc22c23e695d986a6301e61964efe9c9f80/prometheus-metrics-tracer-common-1.4.3.jar:/Users/andrewunderwood/.gradle/caches/modules-2/files-2.1/io.prometheus/prometheus-metrics-exposition-formats/1.4.3/14eeb4e0a6a366d6b7562e4457e2a863b837b5bd/prometheus-metrics-exposition-formats-1.4.3.jar:/Users/andrewunderwood/.gradle/caches/modules-2/files-2.1/com.vaadin/open/8.5.0.5/988ae1b73218aec898599c1ac65566522b5481e0/open-8.5.0.5.jar:/Users/andrewunderwood/.gradle/caches/modules-2/files-2.1/com.github.javaparser/javaparser-core/3.27.1/62bb2609e872ba694c7b61aa005612dc886ec4c7/javaparser-core-3.27.1.jar:/Users/andrewunderwood/.gradle/caches/modules-2/files-2.1/com.vaadin/ui-tests/1.1.5/83c9b7ea30f7261f72331dce29715c45a8dac178/ui-tests-1.1.5.jar:/Users/andrewunderwood/.gradle/caches/modules-2/files-2.1/com.vaadin/flow-client/25.0.0/b700dbb06fd3980d6c345d36afca2b1d4e442758/flow-client-25.0.0.jar:/Users/andrewunderwood/.gradle/caches/modules-2/files-2.1/org.hibernate.validator/hibernate-validator/9.0.1.Final/28c0e41ecc84d1f0b8b6d81d16e0784e63364e68/hibernate-validator-9.0.1.Final.jar:/Users/andrewunderwood/.gradle/caches/modules-2/files-2.1/jakarta.annotation/jakarta.annotation-api/3.0.0/54f928fadec906a99d558536756d171917b9d936/jakarta.annotation-api-3.0.0.jar:/Users/andrewunderwood/.gradle/caches/modules-2/files-2.1/org.yaml/snakeyaml/2.5/2d53ddec134280cb384c1e35d094e5f71c1f2316/snakeyaml-2.5.jar:/Users/andrewunderwood/.gradle/caches/modules-2/files-2.1/org.apache.tomcat.embed/tomcat-embed-el/11.0.14/4d916bf47c7547b5aee58197485ae886439fa358/tomcat-embed-el-11.0.14.jar:/Users/andrewunderwood/.gradle/caches/modules-2/files-2.1/org.jetbrains.kotlin/kotlin-stdlib-jdk7/2.2.21/e328a92364cf922b413ad28b70861e373aa6339c/kotlin-stdlib-jdk7-2.2.21.jar:/Users/andrewunderwood/.gradle/caches/modules-2/files-2.1/org.jetbrains.kotlin/kotlin-reflect/2.2.21/17bc47f5dfe27c2351538e711f0afe377b0de6b2/kotlin-reflect-2.2.21.jar:/Users/andrewunderwood/.gradle/caches/modules-2/files-2.1/org.jetbrains.kotlin/kotlin-stdlib/2.2.21/fa374a986e128314c3db00a20aae55f72a258511/kotlin-stdlib-2.2.21.jar:/Users/andrewunderwood/.gradle/caches/modules-2/files-2.1/org.jetbrains.kotlin/kotlin-stdlib-jdk8/2.2.21/b918b7be03d769ff9b0a3567aaa930e7b8b8a0a6/kotlin-stdlib-jdk8-2.2.21.jar:/Users/andrewunderwood/.gradle/caches/modules-2/files-2.1/org.hdrhistogram/HdrHistogram/2.2.2/7959933ebcc0f05b2eaa5af0a0c8689fa257b15c/HdrHistogram-2.2.2.jar:/Users/andrewunderwood/.gradle/caches/modules-2/files-2.1/org.latencyutils/LatencyUtils/2.0.3/769c0b82cb2421c8256300e907298a9410a2a3d3/LatencyUtils-2.0.3.jar:/Users/andrewunderwood/.gradle/caches/modules-2/files-2.1/io.prometheus/prometheus-metrics-exposition-textformats/1.4.3/3a4f58da44fdb1a26bbda60cf38930db62f2f887/prometheus-metrics-exposition-textformats-1.4.3.jar:/Users/andrewunderwood/.gradle/caches/modules-2/files-2.1/io.prometheus/prometheus-metrics-model/1.4.3/b18da634ccdc033468c0a17e56996de09b4e6b36/prometheus-metrics-model-1.4.3.jar:/Users/andrewunderwood/.gradle/caches/modules-2/files-2.1/io.prometheus/prometheus-metrics-config/1.4.3/785bf741491702f0e755a6a5c9c58a8127db0683/prometheus-metrics-config-1.4.3.jar:/Users/andrewunderwood/.gradle/caches/modules-2/files-2.1/org.ow2.asm/asm/9.9/c29635c8a7afa03d74b33c1884df8abb2b3f3dcc/asm-9.9.jar:/Users/andrewunderwood/.gradle/caches/modules-2/files-2.1/com.vaadin.external/gentyref/1.2.0.vaadin1/c914574fdf1d7c7b85f58965d10f7a83811bb7c6/gentyref-1.2.0.vaadin1.jar:/Users/andrewunderwood/.gradle/caches/modules-2/files-2.1/com.nimbusds/nimbus-jose-jwt/10.3.1/4ec9e53a1bb37626adfec4302e20c13d4e56c5bc/nimbus-jose-jwt-10.3.1.jar:/Users/andrewunderwood/.gradle/caches/modules-2/files-2.1/net.java.dev.jna/jna/5.18.1/b27ba04287cc4abe769642fe8318d39fc89bf937/jna-5.18.1.jar:/Users/andrewunderwood/.gradle/caches/modules-2/files-2.1/jakarta.validation/jakarta.validation-api/3.1.1/ec8622148afc5564235d17af80ea80288d0e7f92/jakarta.validation-api-3.1.1.jar:/Users/andrewunderwood/.gradle/caches/modules-2/files-2.1/org.jboss.logging/jboss-logging/3.6.1.Final/886afbb445b4016a37c8960a7aef6ebd769ce7e5/jboss-logging-3.6.1.Final.jar:/Users/andrewunderwood/.gradle/caches/modules-2/files-2.1/com.fasterxml/classmate/1.7.1/e803194e4362a2c0585087c5f315682897d12f00/classmate-1.7.1.jar:/Users/andrewunderwood/.gradle/caches/modules-2/files-2.1/com.vaadin/vaadin-aura-theme/25.0.0/7d8241d12198c2b0efc198b3f24336677a082e0/vaadin-aura-theme-25.0.0.jar:/Users/andrewunderwood/.gradle/caches/modules-2/files-2.1/commons-io/commons-io/2.21.0/52a6f68fe5afe335cde95461dd5c3412f04996f7/commons-io-2.21.0.jar:/Users/andrewunderwood/.gradle/caches/modules-2/files-2.1/org.apache.tomcat.embed/tomcat-embed-websocket/11.0.14/429942c9fa94814a58d41d87bab9f38df2f35308/tomcat-embed-websocket-11.0.14.jar:/Users/andrewunderwood/.gradle/caches/modules-2/files-2.1/org.apache.tomcat.embed/tomcat-embed-core/11.0.14/a1230635634de5ffb66d1a3e3319bc9986d700b2/tomcat-embed-core-11.0.14.jar:/Users/andrewunderwood/.gradle/caches/modules-2/files-2.1/commons-logging/commons-logging/1.3.5/a3fcc5d3c29b2b03433aa2d2f2d2c1b1638924a1/commons-logging-1.3.5.jar:/Users/andrewunderwood/.gradle/caches/modules-2/files-2.1/com.vaadin/vaadin-field-highlighter-flow/25.0.0/c7b63cf77c91f11f1dd1d32043ef0ff6c5da161b/vaadin-field-highlighter-flow-25.0.0.jar:/Users/andrewunderwood/.gradle/caches/modules-2/files-2.1/com.vaadin/vaadin-renderer-flow/25.0.0/7086e3c73410e206e2a25561816f5170718c255a/vaadin-renderer-flow-25.0.0.jar:/Users/andrewunderwood/.gradle/caches/modules-2/files-2.1/com.vaadin/collaboration-engine/7.0.0/29ef4cc43a5ba861a53144e9dce735b2e3074135/collaboration-engine-7.0.0.jar:/Users/andrewunderwood/.gradle/caches/modules-2/files-2.1/org.reactivestreams/reactive-streams/1.0.4/3864a1320d97d7b045f729a326e1e077661f31b7/reactive-streams-1.0.4.jar:/Users/andrewunderwood/.gradle/caches/modules-2/files-2.1/org.springframework.security/spring-security-crypto/7.0.0/b0dd95e57fdbbacc21d89c19ff194224d1e9f042/spring-security-crypto-7.0.0.jar:/Users/andrewunderwood/.gradle/caches/modules-2/files-2.1/org.javassist/javassist/3.30.2-GA/284580b5e42dfa1b8267058566435d9e93fae7f7/javassist-3.30.2-GA.jar:/Users/andrewunderwood/.gradle/caches/modules-2/files-2.1/org.checkerframework/checker-qual/3.51.1/d69c339a293b5ec04b26c9d994cbeffb7056d122/checker-qual-3.51.1.jar:/Users/andrewunderwood/.gradle/caches/modules-2/files-2.1/io.github.classgraph/classgraph/4.8.184/a4f7ddec0f831dcf7ec3db32ae2c7e628c89f1a6/classgraph-4.8.184.jar:/Users/andrewunderwood/.gradle/caches/modules-2/files-2.1/ch.qos.logback/logback-core/1.5.21/970bf47cbc34d24e47f375b6b4e407d6d699474f/logback-core-1.5.21.jar:/Users/andrewunderwood/.gradle/caches/modules-2/files-2.1/org.apache.logging.log4j/log4j-api/2.25.2/292c1a2b1702f1e1e3adb13e1c57e5bff60335ff/log4j-api-2.25.2.jar:/Users/andrewunderwood/.gradle/caches/modules-2/files-2.1/org.jetbrains/annotations/13.0/919f0dfe192fb4e063e7dacadee7f8bb9a2672a9/annotations-13.0.jar:/Users/andrewunderwood/.gradle/caches/modules-2/files-2.1/io.netty/netty-codec-http2/4.2.7.Final/ce3234f38c9b7a5f625bc75765fa9b62c99d7f71/netty-codec-http2-4.2.7.Final.jar:/Users/andrewunderwood/.gradle/caches/modules-2/files-2.1/io.netty/netty-codec-http3/4.2.7.Final/c9b6155713d6017a21e71dea3e041c4143facf5c/netty-codec-http3-4.2.7.Final.jar:/Users/andrewunderwood/.gradle/caches/modules-2/files-2.1/io.netty/netty-handler-proxy/4.2.7.Final/a1b6d07504fe98163f49d34c9a5efb22d8e84212/netty-handler-proxy-4.2.7.Final.jar:/Users/andrewunderwood/.gradle/caches/modules-2/files-2.1/io.netty/netty-codec-http/4.2.7.Final/b734c108854099c421fd94d92d9f865e4d4da853/netty-codec-http-4.2.7.Final.jar:/Users/andrewunderwood/.gradle/caches/modules-2/files-2.1/io.netty/netty-resolver-dns-native-macos/4.2.7.Final/b872d902363468f59069a53916c895ee0bb46688/netty-resolver-dns-native-macos-4.2.7.Final-osx-x86_64.jar:/Users/andrewunderwood/.gradle/caches/modules-2/files-2.1/io.netty/netty-resolver-dns-classes-macos/4.2.7.Final/f3ab2296dcb690b012729417c66bada9fd2852f0/netty-resolver-dns-classes-macos-4.2.7.Final.jar:/Users/andrewunderwood/.gradle/caches/modules-2/files-2.1/io.netty/netty-resolver-dns/4.2.7.Final/5975d21835704a84d51405b5c4f843337cbf2bb5/netty-resolver-dns-4.2.7.Final.jar:/Users/andrewunderwood/.gradle/caches/modules-2/files-2.1/io.netty/netty-transport-native-epoll/4.2.7.Final/e83998bfc10b5289d9bcbe807c4079ef0eed8e6f/netty-transport-native-epoll-4.2.7.Final-linux-x86_64.jar:/Users/andrewunderwood/.gradle/caches/modules-2/files-2.1/io.netty/netty-codec-compression/4.2.7.Final/572341bc1ca90fd9d6e47f1d2694aab5258566e9/netty-codec-compression-4.2.7.Final.jar:/Users/andrewunderwood/.gradle/caches/modules-2/files-2.1/io.netty/netty-codec-native-quic/4.2.7.Final/6a3e4398852f926c4b22f381d89dae2388446ae8/netty-codec-native-quic-4.2.7.Final-linux-x86_64.jar:/Users/andrewunderwood/.gradle/caches/modules-2/files-2.1/io.netty/netty-codec-native-quic/4.2.7.Final/7ecd8d1de6b3eb7eeb3dcdb1034780826e141f1c/netty-codec-native-quic-4.2.7.Final-linux-aarch_64.jar:/Users/andrewunderwood/.gradle/caches/modules-2/files-2.1/io.netty/netty-codec-native-quic/4.2.7.Final/f3679a6cc103292931098b1dc835ffb831e27368/netty-codec-native-quic-4.2.7.Final-osx-x86_64.jar:/Users/andrewunderwood/.gradle/caches/modules-2/files-2.1/io.netty/netty-codec-native-quic/4.2.7.Final/c30d746bd588c07bac4ac04abde576c05a3c0a28/netty-codec-native-quic-4.2.7.Final-osx-aarch_64.jar:/Users/andrewunderwood/.gradle/caches/modules-2/files-2.1/io.netty/netty-codec-native-quic/4.2.7.Final/c4f177d2a99668c209acc31b8b85df58e9166218/netty-codec-native-quic-4.2.7.Final-windows-x86_64.jar:/Users/andrewunderwood/.gradle/caches/modules-2/files-2.1/io.netty/netty-codec-classes-quic/4.2.7.Final/98e80e8a575aa5cacd0db278a91fc4b34e4721fe/netty-codec-classes-quic-4.2.7.Final.jar:/Users/andrewunderwood/.gradle/caches/modules-2/files-2.1/io.netty/netty-handler/4.2.7.Final/7ad8a1f851e2e6fe93cdd091871fda2b81c03b5b/netty-handler-4.2.7.Final.jar:/Users/andrewunderwood/.gradle/caches/modules-2/files-2.1/io.netty/netty-codec-dns/4.2.7.Final/95a2b329442a22a7d77de5fc5ecebbcf26b8cd4e/netty-codec-dns-4.2.7.Final.jar:/Users/andrewunderwood/.gradle/caches/modules-2/files-2.1/io.netty/netty-codec-socks/4.2.7.Final/9f26324e436e8884bb4aa801a6e9151c0b50a754/netty-codec-socks-4.2.7.Final.jar:/Users/andrewunderwood/.gradle/caches/modules-2/files-2.1/io.netty/netty-codec-base/4.2.7.Final/915e381ebabcf115f1c7ff7032d55c48afb50210/netty-codec-base-4.2.7.Final.jar:/Users/andrewunderwood/.gradle/caches/modules-2/files-2.1/io.netty/netty-transport-classes-epoll/4.2.7.Final/1075c09f48a78eef9d819fbfd9096b903fdd362a/netty-transport-classes-epoll-4.2.7.Final.jar:/Users/andrewunderwood/.gradle/caches/modules-2/files-2.1/io.netty/netty-transport-native-unix-common/4.2.7.Final/89953f04259ea7502cffb313630dd51e00e60669/netty-transport-native-unix-common-4.2.7.Final.jar:/Users/andrewunderwood/.gradle/caches/modules-2/files-2.1/io.netty/netty-transport/4.2.7.Final/83ea548981d0d8c4a98027cc1a6f9624f902e142/netty-transport-4.2.7.Final.jar:/Users/andrewunderwood/.gradle/caches/modules-2/files-2.1/io.netty/netty-buffer/4.2.7.Final/5555ff561643bf2f8430fb57c24403c0efe15994/netty-buffer-4.2.7.Final.jar:/Users/andrewunderwood/.gradle/caches/modules-2/files-2.1/io.netty/netty-resolver/4.2.7.Final/5f3e5ef8de03992cd4fb46960dc0085ec1a12a12/netty-resolver-4.2.7.Final.jar:/Users/andrewunderwood/.gradle/caches/modules-2/files-2.1/io.netty/netty-common/4.2.7.Final/11aa30df26af4fca3239ac1917f303a280f301e1/netty-common-4.2.7.Final.jar:/Users/andrewunderwood/.gradle/caches/modules-2/files-2.1/com.google.guava/failureaccess/1.0.3/aeaffd00d57023a2c947393ed251f0354f0985fc/failureaccess-1.0.3.jar:/Users/andrewunderwood/.gradle/caches/modules-2/files-2.1/com.google.guava/listenablefuture/9999.0-empty-to-avoid-conflict-with-guava/b421526c5f297295adef1c886e5246c39d4ac629/listenablefuture-9999.0-empty-to-avoid-conflict-with-guava.jar:/Users/andrewunderwood/.gradle/caches/modules-2/files-2.1/com.google.j2objc/j2objc-annotations/3.1/a892ca9507839bbdb900d64310ac98256cab992f/j2objc-annotations-3.1.jar:/Users/andrewunderwood/.gradle/caches/modules-2/files-2.1/io.swagger.core.v3/swagger-annotations-jakarta/2.2.38/7628340f67c58a7ba9eb965a5b3f8f1d06f9df30/swagger-annotations-jakarta-2.2.38.jar:/Users/andrewunderwood/.gradle/caches/modules-2/files-2.1/jakarta.xml.bind/jakarta.xml.bind-api/4.0.4/d6d2327f3817d9a33a3b6b8f2e15a96bc2e7afdc/jakarta.xml.bind-api-4.0.4.jar:/Users/andrewunderwood/.gradle/caches/modules-2/files-2.1/org.snakeyaml/snakeyaml-engine/2.10/20f311f742d6894de0750b92414b3c27a40bb9d5/snakeyaml-engine-2.10.jar:/Users/andrewunderwood/.gradle/caches/modules-2/files-2.1/org.bouncycastle/bcprov-jdk18on/1.80/e22100b41042decf09cab914a5af8d2c57b5ac4a/bcprov-jdk18on-1.80.jar:/Users/andrewunderwood/.gradle/caches/modules-2/files-2.1/jakarta.activation/jakarta.activation-api/2.1.3/fa165bd70cda600368eee31555222776a46b881f/jakarta.activation-api-2.1.3.jar io.nextskip.NextSkipApplication
